// !$*UTF8*$!
{
	archiveVersion = 1;
	classes = {
	};
	objectVersion = 55;
	objects = {

/* Begin PBXBuildFile section */
		38142D2D2836DC12003AC9A0 /* ProgressBarView.swift in Sources */ = {isa = PBXBuildFile; fileRef = 38142D2C2836DC12003AC9A0 /* ProgressBarView.swift */; };
		382B87E92825025200A71270 /* BodyBeatApp.swift in Sources */ = {isa = PBXBuildFile; fileRef = 382B87E82825025200A71270 /* BodyBeatApp.swift */; };
		382B87EB2825025200A71270 /* ContentView.swift in Sources */ = {isa = PBXBuildFile; fileRef = 382B87EA2825025200A71270 /* ContentView.swift */; };
		382B87ED2825025300A71270 /* Assets.xcassets in Resources */ = {isa = PBXBuildFile; fileRef = 382B87EC2825025300A71270 /* Assets.xcassets */; };
		382B87F02825025300A71270 /* Preview Assets.xcassets in Resources */ = {isa = PBXBuildFile; fileRef = 382B87EF2825025300A71270 /* Preview Assets.xcassets */; };
		382B87F22825025300A71270 /* Persistence.swift in Sources */ = {isa = PBXBuildFile; fileRef = 382B87F12825025300A71270 /* Persistence.swift */; };
		382B87F52825025300A71270 /* BodyBeat.xcdatamodeld in Sources */ = {isa = PBXBuildFile; fileRef = 382B87F32825025300A71270 /* BodyBeat.xcdatamodeld */; };
		383D6D92282556120064D5F2 /* ExerciseListView.swift in Sources */ = {isa = PBXBuildFile; fileRef = 383D6D91282556120064D5F2 /* ExerciseListView.swift */; };
		383D6D94282557880064D5F2 /* NewExerciseView.swift in Sources */ = {isa = PBXBuildFile; fileRef = 383D6D93282557880064D5F2 /* NewExerciseView.swift */; };
		383D6D97282559DD0064D5F2 /* NumberPickerView.swift in Sources */ = {isa = PBXBuildFile; fileRef = 383D6D96282559DD0064D5F2 /* NumberPickerView.swift */; };
		38456D74282529BB002E81B4 /* NewPlanView.swift in Sources */ = {isa = PBXBuildFile; fileRef = 38456D73282529BB002E81B4 /* NewPlanView.swift */; };
		38456D7828252C16002E81B4 /* LabelTimerView.swift in Sources */ = {isa = PBXBuildFile; fileRef = 38456D7728252C16002E81B4 /* LabelTimerView.swift */; };
		38456D7A28253D4A002E81B4 /* PlanDetailView.swift in Sources */ = {isa = PBXBuildFile; fileRef = 38456D7928253D4A002E81B4 /* PlanDetailView.swift */; };
		38F1792D28258EE50056DC96 /* PlanProgressView.swift in Sources */ = {isa = PBXBuildFile; fileRef = 38F1792C28258EE50056DC96 /* PlanProgressView.swift */; };
/* End PBXBuildFile section */

/* Begin PBXFileReference section */
		38142D2C2836DC12003AC9A0 /* ProgressBarView.swift */ = {isa = PBXFileReference; lastKnownFileType = sourcecode.swift; path = ProgressBarView.swift; sourceTree = "<group>"; };
		382B87E52825025200A71270 /* BodyBeat.app */ = {isa = PBXFileReference; explicitFileType = wrapper.application; includeInIndex = 0; path = BodyBeat.app; sourceTree = BUILT_PRODUCTS_DIR; };
		382B87E82825025200A71270 /* BodyBeatApp.swift */ = {isa = PBXFileReference; lastKnownFileType = sourcecode.swift; path = BodyBeatApp.swift; sourceTree = "<group>"; };
		382B87EA2825025200A71270 /* ContentView.swift */ = {isa = PBXFileReference; lastKnownFileType = sourcecode.swift; path = ContentView.swift; sourceTree = "<group>"; };
		382B87EC2825025300A71270 /* Assets.xcassets */ = {isa = PBXFileReference; lastKnownFileType = folder.assetcatalog; path = Assets.xcassets; sourceTree = "<group>"; };
		382B87EF2825025300A71270 /* Preview Assets.xcassets */ = {isa = PBXFileReference; lastKnownFileType = folder.assetcatalog; path = "Preview Assets.xcassets"; sourceTree = "<group>"; };
		382B87F12825025300A71270 /* Persistence.swift */ = {isa = PBXFileReference; lastKnownFileType = sourcecode.swift; path = Persistence.swift; sourceTree = "<group>"; };
		382B87F42825025300A71270 /* BodyBeat.xcdatamodel */ = {isa = PBXFileReference; lastKnownFileType = wrapper.xcdatamodel; path = BodyBeat.xcdatamodel; sourceTree = "<group>"; };
		383D6D91282556120064D5F2 /* ExerciseListView.swift */ = {isa = PBXFileReference; lastKnownFileType = sourcecode.swift; path = ExerciseListView.swift; sourceTree = "<group>"; };
		383D6D93282557880064D5F2 /* NewExerciseView.swift */ = {isa = PBXFileReference; lastKnownFileType = sourcecode.swift; path = NewExerciseView.swift; sourceTree = "<group>"; };
		383D6D96282559DD0064D5F2 /* NumberPickerView.swift */ = {isa = PBXFileReference; lastKnownFileType = sourcecode.swift; path = NumberPickerView.swift; sourceTree = "<group>"; };
		38456D73282529BB002E81B4 /* NewPlanView.swift */ = {isa = PBXFileReference; lastKnownFileType = sourcecode.swift; path = NewPlanView.swift; sourceTree = "<group>"; };
		38456D7728252C16002E81B4 /* LabelTimerView.swift */ = {isa = PBXFileReference; lastKnownFileType = sourcecode.swift; path = LabelTimerView.swift; sourceTree = "<group>"; };
		38456D7928253D4A002E81B4 /* PlanDetailView.swift */ = {isa = PBXFileReference; lastKnownFileType = sourcecode.swift; path = PlanDetailView.swift; sourceTree = "<group>"; };
		38F1792C28258EE50056DC96 /* PlanProgressView.swift */ = {isa = PBXFileReference; lastKnownFileType = sourcecode.swift; path = PlanProgressView.swift; sourceTree = "<group>"; };
/* End PBXFileReference section */

/* Begin PBXFrameworksBuildPhase section */
		382B87E22825025200A71270 /* Frameworks */ = {
			isa = PBXFrameworksBuildPhase;
			buildActionMask = 2147483647;
			files = (
			);
			runOnlyForDeploymentPostprocessing = 0;
		};
/* End PBXFrameworksBuildPhase section */

/* Begin PBXGroup section */
		382B87DC2825025200A71270 = {
			isa = PBXGroup;
			children = (
				382B87E72825025200A71270 /* BodyBeat */,
				382B87E62825025200A71270 /* Products */,
			);
			sourceTree = "<group>";
		};
		382B87E62825025200A71270 /* Products */ = {
			isa = PBXGroup;
			children = (
				382B87E52825025200A71270 /* BodyBeat.app */,
			);
			name = Products;
			sourceTree = "<group>";
		};
		382B87E72825025200A71270 /* BodyBeat */ = {
			isa = PBXGroup;
			children = (
				382B87E82825025200A71270 /* BodyBeatApp.swift */,
				382B87EA2825025200A71270 /* ContentView.swift */,
				382B87EC2825025300A71270 /* Assets.xcassets */,
				382B87F12825025300A71270 /* Persistence.swift */,
				382B87F32825025300A71270 /* BodyBeat.xcdatamodeld */,
				382B87EE2825025300A71270 /* Preview Content */,
				38456D73282529BB002E81B4 /* NewPlanView.swift */,
				38456D7928253D4A002E81B4 /* PlanDetailView.swift */,
				383D6D91282556120064D5F2 /* ExerciseListView.swift */,
				383D6D93282557880064D5F2 /* NewExerciseView.swift */,
				38F1792C28258EE50056DC96 /* PlanProgressView.swift */,
				383D6D95282559810064D5F2 /* CustomViews */,
				38142D2C2836DC12003AC9A0 /* ProgressBarView.swift */,
			);
			path = BodyBeat;
			sourceTree = "<group>";
		};
		382B87EE2825025300A71270 /* Preview Content */ = {
			isa = PBXGroup;
			children = (
				382B87EF2825025300A71270 /* Preview Assets.xcassets */,
			);
			path = "Preview Content";
			sourceTree = "<group>";
		};
		383D6D95282559810064D5F2 /* CustomViews */ = {
			isa = PBXGroup;
			children = (
				38456D7728252C16002E81B4 /* LabelTimerView.swift */,
				383D6D96282559DD0064D5F2 /* NumberPickerView.swift */,
			);
			path = CustomViews;
			sourceTree = "<group>";
		};
/* End PBXGroup section */

/* Begin PBXNativeTarget section */
		382B87E42825025200A71270 /* BodyBeat */ = {
			isa = PBXNativeTarget;
			buildConfigurationList = 382B87F82825025300A71270 /* Build configuration list for PBXNativeTarget "BodyBeat" */;
			buildPhases = (
				382B87E12825025200A71270 /* Sources */,
				382B87E22825025200A71270 /* Frameworks */,
				382B87E32825025200A71270 /* Resources */,
			);
			buildRules = (
			);
			dependencies = (
			);
			name = BodyBeat;
			productName = BodyBeat;
			productReference = 382B87E52825025200A71270 /* BodyBeat.app */;
			productType = "com.apple.product-type.application";
		};
/* End PBXNativeTarget section */

/* Begin PBXProject section */
		382B87DD2825025200A71270 /* Project object */ = {
			isa = PBXProject;
			attributes = {
				BuildIndependentTargetsInParallel = 1;
				LastSwiftUpdateCheck = 1320;
				LastUpgradeCheck = 1320;
				TargetAttributes = {
					382B87E42825025200A71270 = {
						CreatedOnToolsVersion = 13.2.1;
					};
				};
			};
			buildConfigurationList = 382B87E02825025200A71270 /* Build configuration list for PBXProject "BodyBeat" */;
			compatibilityVersion = "Xcode 13.0";
			developmentRegion = en;
			hasScannedForEncodings = 0;
			knownRegions = (
				en,
				Base,
			);
			mainGroup = 382B87DC2825025200A71270;
			productRefGroup = 382B87E62825025200A71270 /* Products */;
			projectDirPath = "";
			projectRoot = "";
			targets = (
				382B87E42825025200A71270 /* BodyBeat */,
			);
		};
/* End PBXProject section */

/* Begin PBXResourcesBuildPhase section */
		382B87E32825025200A71270 /* Resources */ = {
			isa = PBXResourcesBuildPhase;
			buildActionMask = 2147483647;
			files = (
				382B87F02825025300A71270 /* Preview Assets.xcassets in Resources */,
				382B87ED2825025300A71270 /* Assets.xcassets in Resources */,
			);
			runOnlyForDeploymentPostprocessing = 0;
		};
/* End PBXResourcesBuildPhase section */

/* Begin PBXSourcesBuildPhase section */
		382B87E12825025200A71270 /* Sources */ = {
			isa = PBXSourcesBuildPhase;
			buildActionMask = 2147483647;
			files = (
				383D6D92282556120064D5F2 /* ExerciseListView.swift in Sources */,
				38142D2D2836DC12003AC9A0 /* ProgressBarView.swift in Sources */,
				38456D7A28253D4A002E81B4 /* PlanDetailView.swift in Sources */,
				38456D74282529BB002E81B4 /* NewPlanView.swift in Sources */,
				382B87F22825025300A71270 /* Persistence.swift in Sources */,
				38F1792D28258EE50056DC96 /* PlanProgressView.swift in Sources */,
				382B87EB2825025200A71270 /* ContentView.swift in Sources */,
				38456D7828252C16002E81B4 /* LabelTimerView.swift in Sources */,
				382B87E92825025200A71270 /* BodyBeatApp.swift in Sources */,
				382B87F52825025300A71270 /* BodyBeat.xcdatamodeld in Sources */,
				383D6D94282557880064D5F2 /* NewExerciseView.swift in Sources */,
				383D6D97282559DD0064D5F2 /* NumberPickerView.swift in Sources */,
			);
			runOnlyForDeploymentPostprocessing = 0;
		};
/* End PBXSourcesBuildPhase section */

/* Begin XCBuildConfiguration section */
		382B87F62825025300A71270 /* Debug */ = {
			isa = XCBuildConfiguration;
			buildSettings = {
				ALWAYS_SEARCH_USER_PATHS = NO;
				CLANG_ANALYZER_NONNULL = YES;
				CLANG_ANALYZER_NUMBER_OBJECT_CONVERSION = YES_AGGRESSIVE;
				CLANG_CXX_LANGUAGE_STANDARD = "gnu++17";
				CLANG_CXX_LIBRARY = "libc++";
				CLANG_ENABLE_MODULES = YES;
				CLANG_ENABLE_OBJC_ARC = YES;
				CLANG_ENABLE_OBJC_WEAK = YES;
				CLANG_WARN_BLOCK_CAPTURE_AUTORELEASING = YES;
				CLANG_WARN_BOOL_CONVERSION = YES;
				CLANG_WARN_COMMA = YES;
				CLANG_WARN_CONSTANT_CONVERSION = YES;
				CLANG_WARN_DEPRECATED_OBJC_IMPLEMENTATIONS = YES;
				CLANG_WARN_DIRECT_OBJC_ISA_USAGE = YES_ERROR;
				CLANG_WARN_DOCUMENTATION_COMMENTS = YES;
				CLANG_WARN_EMPTY_BODY = YES;
				CLANG_WARN_ENUM_CONVERSION = YES;
				CLANG_WARN_INFINITE_RECURSION = YES;
				CLANG_WARN_INT_CONVERSION = YES;
				CLANG_WARN_NON_LITERAL_NULL_CONVERSION = YES;
				CLANG_WARN_OBJC_IMPLICIT_RETAIN_SELF = YES;
				CLANG_WARN_OBJC_LITERAL_CONVERSION = YES;
				CLANG_WARN_OBJC_ROOT_CLASS = YES_ERROR;
				CLANG_WARN_QUOTED_INCLUDE_IN_FRAMEWORK_HEADER = YES;
				CLANG_WARN_RANGE_LOOP_ANALYSIS = YES;
				CLANG_WARN_STRICT_PROTOTYPES = YES;
				CLANG_WARN_SUSPICIOUS_MOVE = YES;
				CLANG_WARN_UNGUARDED_AVAILABILITY = YES_AGGRESSIVE;
				CLANG_WARN_UNREACHABLE_CODE = YES;
				CLANG_WARN__DUPLICATE_METHOD_MATCH = YES;
				COPY_PHASE_STRIP = NO;
				DEBUG_INFORMATION_FORMAT = dwarf;
				ENABLE_STRICT_OBJC_MSGSEND = YES;
				ENABLE_TESTABILITY = YES;
				GCC_C_LANGUAGE_STANDARD = gnu11;
				GCC_DYNAMIC_NO_PIC = NO;
				GCC_NO_COMMON_BLOCKS = YES;
				GCC_OPTIMIZATION_LEVEL = 0;
				GCC_PREPROCESSOR_DEFINITIONS = (
					"DEBUG=1",
					"$(inherited)",
				);
				GCC_WARN_64_TO_32_BIT_CONVERSION = YES;
				GCC_WARN_ABOUT_RETURN_TYPE = YES_ERROR;
				GCC_WARN_UNDECLARED_SELECTOR = YES;
				GCC_WARN_UNINITIALIZED_AUTOS = YES_AGGRESSIVE;
				GCC_WARN_UNUSED_FUNCTION = YES;
				GCC_WARN_UNUSED_VARIABLE = YES;
				IPHONEOS_DEPLOYMENT_TARGET = 15.2;
				MTL_ENABLE_DEBUG_INFO = INCLUDE_SOURCE;
				MTL_FAST_MATH = YES;
				ONLY_ACTIVE_ARCH = YES;
				SDKROOT = iphoneos;
				SWIFT_ACTIVE_COMPILATION_CONDITIONS = DEBUG;
				SWIFT_OPTIMIZATION_LEVEL = "-Onone";
			};
			name = Debug;
		};
		382B87F72825025300A71270 /* Release */ = {
			isa = XCBuildConfiguration;
			buildSettings = {
				ALWAYS_SEARCH_USER_PATHS = NO;
				CLANG_ANALYZER_NONNULL = YES;
				CLANG_ANALYZER_NUMBER_OBJECT_CONVERSION = YES_AGGRESSIVE;
				CLANG_CXX_LANGUAGE_STANDARD = "gnu++17";
				CLANG_CXX_LIBRARY = "libc++";
				CLANG_ENABLE_MODULES = YES;
				CLANG_ENABLE_OBJC_ARC = YES;
				CLANG_ENABLE_OBJC_WEAK = YES;
				CLANG_WARN_BLOCK_CAPTURE_AUTORELEASING = YES;
				CLANG_WARN_BOOL_CONVERSION = YES;
				CLANG_WARN_COMMA = YES;
				CLANG_WARN_CONSTANT_CONVERSION = YES;
				CLANG_WARN_DEPRECATED_OBJC_IMPLEMENTATIONS = YES;
				CLANG_WARN_DIRECT_OBJC_ISA_USAGE = YES_ERROR;
				CLANG_WARN_DOCUMENTATION_COMMENTS = YES;
				CLANG_WARN_EMPTY_BODY = YES;
				CLANG_WARN_ENUM_CONVERSION = YES;
				CLANG_WARN_INFINITE_RECURSION = YES;
				CLANG_WARN_INT_CONVERSION = YES;
				CLANG_WARN_NON_LITERAL_NULL_CONVERSION = YES;
				CLANG_WARN_OBJC_IMPLICIT_RETAIN_SELF = YES;
				CLANG_WARN_OBJC_LITERAL_CONVERSION = YES;
				CLANG_WARN_OBJC_ROOT_CLASS = YES_ERROR;
				CLANG_WARN_QUOTED_INCLUDE_IN_FRAMEWORK_HEADER = YES;
				CLANG_WARN_RANGE_LOOP_ANALYSIS = YES;
				CLANG_WARN_STRICT_PROTOTYPES = YES;
				CLANG_WARN_SUSPICIOUS_MOVE = YES;
				CLANG_WARN_UNGUARDED_AVAILABILITY = YES_AGGRESSIVE;
				CLANG_WARN_UNREACHABLE_CODE = YES;
				CLANG_WARN__DUPLICATE_METHOD_MATCH = YES;
				COPY_PHASE_STRIP = NO;
				DEBUG_INFORMATION_FORMAT = "dwarf-with-dsym";
				ENABLE_NS_ASSERTIONS = NO;
				ENABLE_STRICT_OBJC_MSGSEND = YES;
				GCC_C_LANGUAGE_STANDARD = gnu11;
				GCC_NO_COMMON_BLOCKS = YES;
				GCC_WARN_64_TO_32_BIT_CONVERSION = YES;
				GCC_WARN_ABOUT_RETURN_TYPE = YES_ERROR;
				GCC_WARN_UNDECLARED_SELECTOR = YES;
				GCC_WARN_UNINITIALIZED_AUTOS = YES_AGGRESSIVE;
				GCC_WARN_UNUSED_FUNCTION = YES;
				GCC_WARN_UNUSED_VARIABLE = YES;
				IPHONEOS_DEPLOYMENT_TARGET = 15.2;
				MTL_ENABLE_DEBUG_INFO = NO;
				MTL_FAST_MATH = YES;
				SDKROOT = iphoneos;
				SWIFT_COMPILATION_MODE = wholemodule;
				SWIFT_OPTIMIZATION_LEVEL = "-O";
				VALIDATE_PRODUCT = YES;
			};
			name = Release;
		};
		382B87F92825025300A71270 /* Debug */ = {
			isa = XCBuildConfiguration;
			buildSettings = {
				ASSETCATALOG_COMPILER_APPICON_NAME = AppIcon;
				ASSETCATALOG_COMPILER_GLOBAL_ACCENT_COLOR_NAME = AccentColor;
				CODE_SIGN_STYLE = Automatic;
				CURRENT_PROJECT_VERSION = 1;
				DEVELOPMENT_ASSET_PATHS = "\"BodyBeat/Preview Content\"";
				ENABLE_PREVIEWS = YES;
				GENERATE_INFOPLIST_FILE = YES;
				INFOPLIST_KEY_UIApplicationSceneManifest_Generation = YES;
				INFOPLIST_KEY_UIApplicationSupportsIndirectInputEvents = YES;
				INFOPLIST_KEY_UILaunchScreen_Generation = YES;
				INFOPLIST_KEY_UISupportedInterfaceOrientations_iPad = "UIInterfaceOrientationPortrait UIInterfaceOrientationPortraitUpsideDown UIInterfaceOrientationLandscapeLeft UIInterfaceOrientationLandscapeRight";
				INFOPLIST_KEY_UISupportedInterfaceOrientations_iPhone = "UIInterfaceOrientationPortrait UIInterfaceOrientationLandscapeLeft UIInterfaceOrientationLandscapeRight";
				LD_RUNPATH_SEARCH_PATHS = (
					"$(inherited)",
					"@executable_path/Frameworks",
				);
				MARKETING_VERSION = 1.0;
				PRODUCT_BUNDLE_IDENTIFIER = cz.mendelu.xpaseka.BodyBeat;
				PRODUCT_NAME = "$(TARGET_NAME)";
				SWIFT_EMIT_LOC_STRINGS = YES;
				SWIFT_VERSION = 5.0;
				TARGETED_DEVICE_FAMILY = "1,2";
			};
			name = Debug;
		};
		382B87FA2825025300A71270 /* Release */ = {
			isa = XCBuildConfiguration;
			buildSettings = {
				ASSETCATALOG_COMPILER_APPICON_NAME = AppIcon;
				ASSETCATALOG_COMPILER_GLOBAL_ACCENT_COLOR_NAME = AccentColor;
				CODE_SIGN_STYLE = Automatic;
				CURRENT_PROJECT_VERSION = 1;
				DEVELOPMENT_ASSET_PATHS = "\"BodyBeat/Preview Content\"";
				ENABLE_PREVIEWS = YES;
				GENERATE_INFOPLIST_FILE = YES;
				INFOPLIST_KEY_UIApplicationSceneManifest_Generation = YES;
				INFOPLIST_KEY_UIApplicationSupportsIndirectInputEvents = YES;
				INFOPLIST_KEY_UILaunchScreen_Generation = YES;
				INFOPLIST_KEY_UISupportedInterfaceOrientations_iPad = "UIInterfaceOrientationPortrait UIInterfaceOrientationPortraitUpsideDown UIInterfaceOrientationLandscapeLeft UIInterfaceOrientationLandscapeRight";
				INFOPLIST_KEY_UISupportedInterfaceOrientations_iPhone = "UIInterfaceOrientationPortrait UIInterfaceOrientationLandscapeLeft UIInterfaceOrientationLandscapeRight";
				LD_RUNPATH_SEARCH_PATHS = (
					"$(inherited)",
					"@executable_path/Frameworks",
				);
				MARKETING_VERSION = 1.0;
				PRODUCT_BUNDLE_IDENTIFIER = cz.mendelu.xpaseka.BodyBeat;
				PRODUCT_NAME = "$(TARGET_NAME)";
				SWIFT_EMIT_LOC_STRINGS = YES;
				SWIFT_VERSION = 5.0;
				TARGETED_DEVICE_FAMILY = "1,2";
			};
			name = Release;
		};
/* End XCBuildConfiguration section */

/* Begin XCConfigurationList section */
		382B87E02825025200A71270 /* Build configuration list for PBXProject "BodyBeat" */ = {
			isa = XCConfigurationList;
			buildConfigurations = (
				382B87F62825025300A71270 /* Debug */,
				382B87F72825025300A71270 /* Release */,
			);
			defaultConfigurationIsVisible = 0;
			defaultConfigurationName = Release;
		};
		382B87F82825025300A71270 /* Build configuration list for PBXNativeTarget "BodyBeat" */ = {
			isa = XCConfigurationList;
			buildConfigurations = (
				382B87F92825025300A71270 /* Debug */,
				382B87FA2825025300A71270 /* Release */,
			);
			defaultConfigurationIsVisible = 0;
			defaultConfigurationName = Release;
		};
/* End XCConfigurationList section */

/* Begin XCVersionGroup section */
		382B87F32825025300A71270 /* BodyBeat.xcdatamodeld */ = {
			isa = XCVersionGroup;
			children = (
				382B87F42825025300A71270 /* BodyBeat.xcdatamodel */,
			);
			currentVersion = 382B87F42825025300A71270 /* BodyBeat.xcdatamodel */;
			path = BodyBeat.xcdatamodeld;
			sourceTree = "<group>";
			versionGroupType = wrapper.xcdatamodel;
		};
/* End XCVersionGroup section */
	};
	rootObject = 382B87DD2825025200A71270 /* Project object */;
}
